# This file was autogenerated by Stack.
# You should not edit this file by hand.
# For more information, please see the documentation at:
#   https://docs.haskellstack.org/en/stable/lock_files

packages:
- completed:
    hackage: log-effectful-1.0.0.0@sha256:126f328c9325c10998289378191dc69e55b5ffdc37a7845f2d0ee57f6f13392e,2433
    pantry-tree:
      sha256: e22a70263da683f2a289c9e514fd4ef32dcc3cc9b54d1c6fe04299736cc88493
      size: 325
  original:
    hackage: log-effectful-1.0.0.0@sha256:126f328c9325c10998289378191dc69e55b5ffdc37a7845f2d0ee57f6f13392e,2433
- completed:
    commit: d7ec31819bc0b582bb5b6f049baa9098704b6004
    git: git@github.com:lugendre/rio-log-effectful.git
    name: rio-log-effectful
    pantry-tree:
      sha256: 366430d8a3304bd644205668249e855ecb8c2ea801c0182656774f037b34158e
      size: 711
    version: 0.1.0.0
  original:
    commit: d7ec31819bc0b582bb5b6f049baa9098704b6004
    git: git@github.com:lugendre/rio-log-effectful.git
snapshots:
- completed:
    sha256: 2fdd7d3e54540062ef75ca0a73ca3a804c527dbf8a4cadafabf340e66ac4af40
    size: 712469
    url: https://raw.githubusercontent.com/commercialhaskell/stackage-snapshots/master/lts/22/11.yaml
  original:
    url: https://raw.githubusercontent.com/commercialhaskell/stackage-snapshots/master/lts/22/11.yaml
